
Microsoft Visual Studio Solution File, Format Version 12.00
# Visual Studio Version 17
VisualStudioVersion = 17.14.36717.8
MinimumVisualStudioVersion = 10.0.40219.1
Project("{2150E333-8FDC-42A3-9474-1A3956D46DE8}") = "src", "src", "{02EA681E-C7D8-13C7-8484-4AC65E1B71E8}"
EndProject
Project("{2150E333-8FDC-42A3-9474-1A3956D46DE8}") = "test", "test", "{1A7988BC-BBCF-4D70-AC77-7BA1BBCD5B81}"
EndProject
Project("{FAE04EC0-301F-11D3-BF4B-00C04F79EFBC}") = "FizzBuzz.Tests", "FizzBuzz.Tests\FizzBuzz.Tests.csproj", "{F4FC11F2-FFA6-45DE-BDAC-B3F1FE011C4B}"
EndProject
Project("{FAE04EC0-301F-11D3-BF4B-00C04F79EFBC}") = "FizzBuzz.Engine", "FizzBuzz.Engine\FizzBuzz.Engine.csproj", "{DF6E50AB-85DC-44CC-A666-37443A2EF1C3}"
EndProject
Project("{FAE04EC0-301F-11D3-BF4B-00C04F79EFBC}") = "FizzBuzz.Api", "FizzBuzz.Api\FizzBuzz.Api.csproj", "{43B01C36-285C-46ED-B1A8-57B4F72205A8}"
EndProject
Project("{2150E333-8FDC-42A3-9474-1A3956D46DE8}") = "Solution Items", "Solution Items", "{8EC462FD-D22E-90A8-E5CE-7E832BA40C5D}"
	ProjectSection(SolutionItems) = preProject
		Containerfile = Containerfile
		deploy.yaml = deploy.yaml
	EndProjectSection
EndProject
Project("{FAE04EC0-301F-11D3-BF4B-00C04F79EFBC}") = "FizzBuzz.Rule.Engine", "FizzBuzz.Rule.Engine\FizzBuzz.Rule.Engine.csproj", "{05BE888D-06FA-4A4C-AFAC-E12CA8A6F611}"
EndProject
Global
	GlobalSection(SolutionConfigurationPlatforms) = preSolution
		Debug|Any CPU = Debug|Any CPU
		Release|Any CPU = Release|Any CPU
	EndGlobalSection
	GlobalSection(ProjectConfigurationPlatforms) = postSolution
		{F4FC11F2-FFA6-45DE-BDAC-B3F1FE011C4B}.Debug|Any CPU.ActiveCfg = Debug|Any CPU
		{F4FC11F2-FFA6-45DE-BDAC-B3F1FE011C4B}.Debug|Any CPU.Build.0 = Debug|Any CPU
		{F4FC11F2-FFA6-45DE-BDAC-B3F1FE011C4B}.Release|Any CPU.ActiveCfg = Release|Any CPU
		{F4FC11F2-FFA6-45DE-BDAC-B3F1FE011C4B}.Release|Any CPU.Build.0 = Release|Any CPU
		{DF6E50AB-85DC-44CC-A666-37443A2EF1C3}.Debug|Any CPU.ActiveCfg = Debug|Any CPU
		{DF6E50AB-85DC-44CC-A666-37443A2EF1C3}.Debug|Any CPU.Build.0 = Debug|Any CPU
		{DF6E50AB-85DC-44CC-A666-37443A2EF1C3}.Release|Any CPU.ActiveCfg = Release|Any CPU
		{DF6E50AB-85DC-44CC-A666-37443A2EF1C3}.Release|Any CPU.Build.0 = Release|Any CPU
		{43B01C36-285C-46ED-B1A8-57B4F72205A8}.Debug|Any CPU.ActiveCfg = Debug|Any CPU
		{43B01C36-285C-46ED-B1A8-57B4F72205A8}.Debug|Any CPU.Build.0 = Debug|Any CPU
		{43B01C36-285C-46ED-B1A8-57B4F72205A8}.Release|Any CPU.ActiveCfg = Release|Any CPU
		{43B01C36-285C-46ED-B1A8-57B4F72205A8}.Release|Any CPU.Build.0 = Release|Any CPU
		{05BE888D-06FA-4A4C-AFAC-E12CA8A6F611}.Debug|Any CPU.ActiveCfg = Debug|Any CPU
		{05BE888D-06FA-4A4C-AFAC-E12CA8A6F611}.Debug|Any CPU.Build.0 = Debug|Any CPU
		{05BE888D-06FA-4A4C-AFAC-E12CA8A6F611}.Release|Any CPU.ActiveCfg = Release|Any CPU
		{05BE888D-06FA-4A4C-AFAC-E12CA8A6F611}.Release|Any CPU.Build.0 = Release|Any CPU
	EndGlobalSection
	GlobalSection(SolutionProperties) = preSolution
		HideSolutionNode = FALSE
	EndGlobalSection
	GlobalSection(NestedProjects) = preSolution
		{F4FC11F2-FFA6-45DE-BDAC-B3F1FE011C4B} = {1A7988BC-BBCF-4D70-AC77-7BA1BBCD5B81}
		{DF6E50AB-85DC-44CC-A666-37443A2EF1C3} = {02EA681E-C7D8-13C7-8484-4AC65E1B71E8}
		{43B01C36-285C-46ED-B1A8-57B4F72205A8} = {02EA681E-C7D8-13C7-8484-4AC65E1B71E8}
		{05BE888D-06FA-4A4C-AFAC-E12CA8A6F611} = {02EA681E-C7D8-13C7-8484-4AC65E1B71E8}
	EndGlobalSection
	GlobalSection(ExtensibilityGlobals) = postSolution
		SolutionGuid = {372CD9EF-67A1-42DB-B7C0-8EB72149748E}
	EndGlobalSection
EndGlobal
